// !$*UTF8*$!
{
	archiveVersion = 1;
	classes = {
	};
	objectVersion = 46;
	objects = {

/* Begin PBXBuildFile section */
		C7A1A40217B46EA40085FF85 /* UIKit.framework in Frameworks */ = {isa = PBXBuildFile; fileRef = C7A1A40117B46EA40085FF85 /* UIKit.framework */; };
		C7A1A40417B46EA40085FF85 /* Foundation.framework in Frameworks */ = {isa = PBXBuildFile; fileRef = C7A1A40317B46EA40085FF85 /* Foundation.framework */; };
		C7A1A40617B46EA40085FF85 /* CoreGraphics.framework in Frameworks */ = {isa = PBXBuildFile; fileRef = C7A1A40517B46EA40085FF85 /* CoreGraphics.framework */; };
		C7A1A40C17B46EA40085FF85 /* InfoPlist.strings in Resources */ = {isa = PBXBuildFile; fileRef = C7A1A40A17B46EA40085FF85 /* InfoPlist.strings */; };
		C7A1A40E17B46EA40085FF85 /* main.m in Sources */ = {isa = PBXBuildFile; fileRef = C7A1A40D17B46EA40085FF85 /* main.m */; };
		C7A1A41217B46EA40085FF85 /* ApplicationSettingsAppDelegate.m in Sources */ = {isa = PBXBuildFile; fileRef = C7A1A41117B46EA40085FF85 /* ApplicationSettingsAppDelegate.m */; };
		C7A1A41417B46EA40085FF85 /* Default.png in Resources */ = {isa = PBXBuildFile; fileRef = C7A1A41317B46EA40085FF85 /* Default.png */; };
		C7A1A41617B46EA40085FF85 /* Default@2x.png in Resources */ = {isa = PBXBuildFile; fileRef = C7A1A41517B46EA40085FF85 /* Default@2x.png */; };
		C7A1A41817B46EA40085FF85 /* Default-568h@2x.png in Resources */ = {isa = PBXBuildFile; fileRef = C7A1A41717B46EA40085FF85 /* Default-568h@2x.png */; };
		C7A1A41B17B46EA40085FF85 /* ApplicationSettingsViewController.m in Sources */ = {isa = PBXBuildFile; fileRef = C7A1A41A17B46EA40085FF85 /* ApplicationSettingsViewController.m */; };
		C7A1A41E17B46EA40085FF85 /* ApplicationSettingsViewController.xib in Resources */ = {isa = PBXBuildFile; fileRef = C7A1A41C17B46EA40085FF85 /* ApplicationSettingsViewController.xib */; };
		C7A1A42517B46FCD0085FF85 /* Settings.bundle in Resources */ = {isa = PBXBuildFile; fileRef = C7A1A42417B46FCD0085FF85 /* Settings.bundle */; };
/* End PBXBuildFile section */

/* Begin PBXFileReference section */
		C7A1A3FE17B46EA40085FF85 /* ApplicationSettings.app */ = {isa = PBXFileReference; explicitFileType = wrapper.application; includeInIndex = 0; path = ApplicationSettings.app; sourceTree = BUILT_PRODUCTS_DIR; };
		C7A1A40117B46EA40085FF85 /* UIKit.framework */ = {isa = PBXFileReference; lastKnownFileType = wrapper.framework; name = UIKit.framework; path = System/Library/Frameworks/UIKit.framework; sourceTree = SDKROOT; };
		C7A1A40317B46EA40085FF85 /* Foundation.framework */ = {isa = PBXFileReference; lastKnownFileType = wrapper.framework; name = Foundation.framework; path = System/Library/Frameworks/Foundation.framework; sourceTree = SDKROOT; };
		C7A1A40517B46EA40085FF85 /* CoreGraphics.framework */ = {isa = PBXFileReference; lastKnownFileType = wrapper.framework; name = CoreGraphics.framework; path = System/Library/Frameworks/CoreGraphics.framework; sourceTree = SDKROOT; };
		C7A1A40917B46EA40085FF85 /* ApplicationSettings-Info.plist */ = {isa = PBXFileReference; lastKnownFileType = text.plist.xml; path = "ApplicationSettings-Info.plist"; sourceTree = "<group>"; };
		C7A1A40B17B46EA40085FF85 /* en */ = {isa = PBXFileReference; lastKnownFileType = text.plist.strings; name = en; path = en.lproj/InfoPlist.strings; sourceTree = "<group>"; };
		C7A1A40D17B46EA40085FF85 /* main.m */ = {isa = PBXFileReference; lastKnownFileType = sourcecode.c.objc; path = main.m; sourceTree = "<group>"; };
		C7A1A40F17B46EA40085FF85 /* ApplicationSettings-Prefix.pch */ = {isa = PBXFileReference; lastKnownFileType = sourcecode.c.h; path = "ApplicationSettings-Prefix.pch"; sourceTree = "<group>"; };
		C7A1A41017B46EA40085FF85 /* ApplicationSettingsAppDelegate.h */ = {isa = PBXFileReference; lastKnownFileType = sourcecode.c.h; path = ApplicationSettingsAppDelegate.h; sourceTree = "<group>"; };
		C7A1A41117B46EA40085FF85 /* ApplicationSettingsAppDelegate.m */ = {isa = PBXFileReference; lastKnownFileType = sourcecode.c.objc; path = ApplicationSettingsAppDelegate.m; sourceTree = "<group>"; };
		C7A1A41317B46EA40085FF85 /* Default.png */ = {isa = PBXFileReference; lastKnownFileType = image.png; path = Default.png; sourceTree = "<group>"; };
		C7A1A41517B46EA40085FF85 /* Default@2x.png */ = {isa = PBXFileReference; lastKnownFileType = image.png; path = "Default@2x.png"; sourceTree = "<group>"; };
		C7A1A41717B46EA40085FF85 /* Default-568h@2x.png */ = {isa = PBXFileReference; lastKnownFileType = image.png; path = "Default-568h@2x.png"; sourceTree = "<group>"; };
		C7A1A41917B46EA40085FF85 /* ApplicationSettingsViewController.h */ = {isa = PBXFileReference; lastKnownFileType = sourcecode.c.h; path = ApplicationSettingsViewController.h; sourceTree = "<group>"; };
		C7A1A41A17B46EA40085FF85 /* ApplicationSettingsViewController.m */ = {isa = PBXFileReference; lastKnownFileType = sourcecode.c.objc; path = ApplicationSettingsViewController.m; sourceTree = "<group>"; };
		C7A1A41D17B46EA40085FF85 /* en */ = {isa = PBXFileReference; lastKnownFileType = file.xib; name = en; path = en.lproj/ApplicationSettingsViewController.xib; sourceTree = "<group>"; };
		C7A1A42417B46FCD0085FF85 /* Settings.bundle */ = {isa = PBXFileReference; lastKnownFileType = "wrapper.plug-in"; path = Settings.bundle; sourceTree = "<group>"; };
/* End PBXFileReference section */

/* Begin PBXFrameworksBuildPhase section */
		C7A1A3FB17B46EA40085FF85 /* Frameworks */ = {
			isa = PBXFrameworksBuildPhase;
			buildActionMask = 2147483647;
			files = (
				C7A1A40217B46EA40085FF85 /* UIKit.framework in Frameworks */,
				C7A1A40417B46EA40085FF85 /* Foundation.framework in Frameworks */,
				C7A1A40617B46EA40085FF85 /* CoreGraphics.framework in Frameworks */,
			);
			runOnlyForDeploymentPostprocessing = 0;
		};
/* End PBXFrameworksBuildPhase section */

/* Begin PBXGroup section */
		C7A1A3F517B46EA40085FF85 = {
			isa = PBXGroup;
			children = (
				C7A1A42417B46FCD0085FF85 /* Settings.bundle */,
				C7A1A40717B46EA40085FF85 /* ApplicationSettings */,
				C7A1A40017B46EA40085FF85 /* Frameworks */,
				C7A1A3FF17B46EA40085FF85 /* Products */,
			);
			sourceTree = "<group>";
		};
		C7A1A3FF17B46EA40085FF85 /* Products */ = {
			isa = PBXGroup;
			children = (
				C7A1A3FE17B46EA40085FF85 /* ApplicationSettings.app */,
			);
			name = Products;
			sourceTree = "<group>";
		};
		C7A1A40017B46EA40085FF85 /* Frameworks */ = {
			isa = PBXGroup;
			children = (
				C7A1A40117B46EA40085FF85 /* UIKit.framework */,
				C7A1A40317B46EA40085FF85 /* Foundation.framework */,
				C7A1A40517B46EA40085FF85 /* CoreGraphics.framework */,
			);
			name = Frameworks;
			sourceTree = "<group>";
		};
		C7A1A40717B46EA40085FF85 /* ApplicationSettings */ = {
			isa = PBXGroup;
			children = (
				C7A1A41017B46EA40085FF85 /* ApplicationSettingsAppDelegate.h */,
				C7A1A41117B46EA40085FF85 /* ApplicationSettingsAppDelegate.m */,
				C7A1A41917B46EA40085FF85 /* ApplicationSettingsViewController.h */,
				C7A1A41A17B46EA40085FF85 /* ApplicationSettingsViewController.m */,
				C7A1A41C17B46EA40085FF85 /* ApplicationSettingsViewController.xib */,
				C7A1A40817B46EA40085FF85 /* Supporting Files */,
			);
			path = ApplicationSettings;
			sourceTree = "<group>";
		};
		C7A1A40817B46EA40085FF85 /* Supporting Files */ = {
			isa = PBXGroup;
			children = (
				C7A1A40917B46EA40085FF85 /* ApplicationSettings-Info.plist */,
				C7A1A40A17B46EA40085FF85 /* InfoPlist.strings */,
				C7A1A40D17B46EA40085FF85 /* main.m */,
				C7A1A40F17B46EA40085FF85 /* ApplicationSettings-Prefix.pch */,
				C7A1A41317B46EA40085FF85 /* Default.png */,
				C7A1A41517B46EA40085FF85 /* Default@2x.png */,
				C7A1A41717B46EA40085FF85 /* Default-568h@2x.png */,
			);
			name = "Supporting Files";
			sourceTree = "<group>";
		};
/* End PBXGroup section */

/* Begin PBXNativeTarget section */
		C7A1A3FD17B46EA40085FF85 /* ApplicationSettings */ = {
			isa = PBXNativeTarget;
			buildConfigurationList = C7A1A42117B46EA40085FF85 /* Build configuration list for PBXNativeTarget "ApplicationSettings" */;
			buildPhases = (
				C7A1A3FA17B46EA40085FF85 /* Sources */,
				C7A1A3FB17B46EA40085FF85 /* Frameworks */,
				C7A1A3FC17B46EA40085FF85 /* Resources */,
			);
			buildRules = (
			);
			dependencies = (
			);
			name = ApplicationSettings;
			productName = ApplicationSettings;
			productReference = C7A1A3FE17B46EA40085FF85 /* ApplicationSettings.app */;
			productType = "com.apple.product-type.application";
		};
/* End PBXNativeTarget section */

/* Begin PBXProject section */
		C7A1A3F617B46EA40085FF85 /* Project object */ = {
			isa = PBXProject;
			attributes = {
				CLASSPREFIX = ApplicationSettings;
				LastUpgradeCheck = 0460;
				ORGANIZATIONNAME = j03_digital;
			};
			buildConfigurationList = C7A1A3F917B46EA40085FF85 /* Build configuration list for PBXProject "ApplicationSettings" */;
			compatibilityVersion = "Xcode 3.2";
			developmentRegion = English;
			hasScannedForEncodings = 0;
			knownRegions = (
				en,
			);
			mainGroup = C7A1A3F517B46EA40085FF85;
			productRefGroup = C7A1A3FF17B46EA40085FF85 /* Products */;
			projectDirPath = "";
			projectRoot = "";
			targets = (
				C7A1A3FD17B46EA40085FF85 /* ApplicationSettings */,
			);
		};
/* End PBXProject section */

/* Begin PBXResourcesBuildPhase section */
		C7A1A3FC17B46EA40085FF85 /* Resources */ = {
			isa = PBXResourcesBuildPhase;
			buildActionMask = 2147483647;
			files = (
				C7A1A40C17B46EA40085FF85 /* InfoPlist.strings in Resources */,
				C7A1A41417B46EA40085FF85 /* Default.png in Resources */,
				C7A1A41617B46EA40085FF85 /* Default@2x.png in Resources */,
				C7A1A41817B46EA40085FF85 /* Default-568h@2x.png in Resources */,
				C7A1A41E17B46EA40085FF85 /* ApplicationSettingsViewController.xib in Resources */,
				C7A1A42517B46FCD0085FF85 /* Settings.bundle in Resources */,
			);
			runOnlyForDeploymentPostprocessing = 0;
		};
/* End PBXResourcesBuildPhase section */

/* Begin PBXSourcesBuildPhase section */
		C7A1A3FA17B46EA40085FF85 /* Sources */ = {
			isa = PBXSourcesBuildPhase;
			buildActionMask = 2147483647;
			files = (
				C7A1A40E17B46EA40085FF85 /* main.m in Sources */,
				C7A1A41217B46EA40085FF85 /* ApplicationSettingsAppDelegate.m in Sources */,
				C7A1A41B17B46EA40085FF85 /* ApplicationSettingsViewController.m in Sources */,
			);
			runOnlyForDeploymentPostprocessing = 0;
		};
/* End PBXSourcesBuildPhase section */

/* Begin PBXVariantGroup section */
		C7A1A40A17B46EA40085FF85 /* InfoPlist.strings */ = {
			isa = PBXVariantGroup;
			children = (
				C7A1A40B17B46EA40085FF85 /* en */,
			);
			name = InfoPlist.strings;
			sourceTree = "<group>";
		};
		C7A1A41C17B46EA40085FF85 /* ApplicationSettingsViewController.xib */ = {
			isa = PBXVariantGroup;
			children = (
				C7A1A41D17B46EA40085FF85 /* en */,
			);
			name = ApplicationSettingsViewController.xib;
			sourceTree = "<group>";
		};
/* End PBXVariantGroup section */

/* Begin XCBuildConfiguration section */
		C7A1A41F17B46EA40085FF85 /* Debug */ = {
			isa = XCBuildConfiguration;
			buildSettings = {
				ALWAYS_SEARCH_USER_PATHS = NO;
				CLANG_CXX_LANGUAGE_STANDARD = "gnu++0x";
				CLANG_CXX_LIBRARY = "libc++";
				CLANG_WARN_CONSTANT_CONVERSION = YES;
				CLANG_WARN_EMPTY_BODY = YES;
				CLANG_WARN_ENUM_CONVERSION = YES;
				CLANG_WARN_INT_CONVERSION = YES;
				CLANG_WARN__DUPLICATE_METHOD_MATCH = YES;
				"CODE_SIGN_IDENTITY[sdk=iphoneos*]" = "iPhone Developer";
				COPY_PHASE_STRIP = NO;
				GCC_C_LANGUAGE_STANDARD = gnu99;
				GCC_DYNAMIC_NO_PIC = NO;
				GCC_OPTIMIZATION_LEVEL = 0;
				GCC_PREPROCESSOR_DEFINITIONS = (
					"DEBUG=1",
					"$(inherited)",
				);
				GCC_SYMBOLS_PRIVATE_EXTERN = NO;
				GCC_WARN_ABOUT_RETURN_TYPE = YES;
				GCC_WARN_UNINITIALIZED_AUTOS = YES;
				GCC_WARN_UNUSED_VARIABLE = YES;
				IPHONEOS_DEPLOYMENT_TARGET = 6.1;
				ONLY_ACTIVE_ARCH = YES;
				SDKROOT = iphoneos;
			};
			name = Debug;
		};
		C7A1A42017B46EA40085FF85 /* Release */ = {
			isa = XCBuildConfiguration;
			buildSettings = {
				ALWAYS_SEARCH_USER_PATHS = NO;
				CLANG_CXX_LANGUAGE_STANDARD = "gnu++0x";
				CLANG_CXX_LIBRARY = "libc++";
				CLANG_WARN_CONSTANT_CONVERSION = YES;
				CLANG_WARN_EMPTY_BODY = YES;
				CLANG_WARN_ENUM_CONVERSION = YES;
				CLANG_WARN_INT_CONVERSION = YES;
				CLANG_WARN__DUPLICATE_METHOD_MATCH = YES;
				"CODE_SIGN_IDENTITY[sdk=iphoneos*]" = "iPhone Developer";
				COPY_PHASE_STRIP = YES;
				GCC_C_LANGUAGE_STANDARD = gnu99;
				GCC_WARN_ABOUT_RETURN_TYPE = YES;
				GCC_WARN_UNINITIALIZED_AUTOS = YES;
				GCC_WARN_UNUSED_VARIABLE = YES;
				IPHONEOS_DEPLOYMENT_TARGET = 6.1;
				OTHER_CFLAGS = "-DNS_BLOCK_ASSERTIONS=1";
				SDKROOT = iphoneos;
				VALIDATE_PRODUCT = YES;
			};
			name = Release;
		};
		C7A1A42217B46EA40085FF85 /* Debug */ = {
			isa = XCBuildConfiguration;
			buildSettings = {
				GCC_PRECOMPILE_PREFIX_HEADER = YES;
				GCC_PREFIX_HEADER = "ApplicationSettings/ApplicationSettings-Prefix.pch";
				INFOPLIST_FILE = "ApplicationSettings/ApplicationSettings-Info.plist";
				PRODUCT_NAME = "$(TARGET_NAME)";
				WRAPPER_EXTENSION = app;
			};
			name = Debug;
		};
		C7A1A42317B46EA40085FF85 /* Release */ = {
			isa = XCBuildConfiguration;
			buildSettings = {
				GCC_PRECOMPILE_PREFIX_HEADER = YES;
				GCC_PREFIX_HEADER = "ApplicationSettings/ApplicationSettings-Prefix.pch";
				INFOPLIST_FILE = "ApplicationSettings/ApplicationSettings-Info.plist";
				PRODUCT_NAME = "$(TARGET_NAME)";
				WRAPPER_EXTENSION = app;
			};
			name = Release;
		};
/* End XCBuildConfiguration section */

/* Begin XCConfigurationList section */
		C7A1A3F917B46EA40085FF85 /* Build configuration list for PBXProject "ApplicationSettings" */ = {
			isa = XCConfigurationList;
			buildConfigurations = (
				C7A1A41F17B46EA40085FF85 /* Debug */,
				C7A1A42017B46EA40085FF85 /* Release */,
			);
			defaultConfigurationIsVisible = 0;
			defaultConfigurationName = Release;
		};
		C7A1A42117B46EA40085FF85 /* Build configuration list for PBXNativeTarget "ApplicationSettings" */ = {
			isa = XCConfigurationList;
			buildConfigurations = (
				C7A1A42217B46EA40085FF85 /* Debug */,
				C7A1A42317B46EA40085FF85 /* Release */,
			);
			defaultConfigurationIsVisible = 0;
		};
/* End XCConfigurationList section */
	};
	rootObject = C7A1A3F617B46EA40085FF85 /* Project object */;
}
